
Microsoft Visual Studio Solution File, Format Version 12.00
# Visual Studio Version 16
VisualStudioVersion = 16.0.31729.503
MinimumVisualStudioVersion = 10.0.40219.1
Project("{FAE04EC0-301F-11D3-BF4B-00C04F79EFBC}") = "ProgettoPersonaleMultiTier", "ProgettoPersonaleMultiTier.csproj", "{47446587-0917-41E8-BC8A-9CF01622868D}"
EndProject
Project("{2150E333-8FDC-42A3-9474-1A3956D46DE8}") = "0 - Presentazione", "0 - Presentazione", "{750BD97B-7BA0-4F6C-845C-9B7861C10422}"
EndProject
Project("{2150E333-8FDC-42A3-9474-1A3956D46DE8}") = "1- Dominio", "1- Dominio", "{BFF9C297-10DD-4CAA-ABAB-C969FB6DC12F}"
EndProject
Project("{2150E333-8FDC-42A3-9474-1A3956D46DE8}") = "2 - Servizi", "2 - Servizi", "{97DF2D37-6BF0-4786-8874-2B960F828212}"
EndProject
Project("{2150E333-8FDC-42A3-9474-1A3956D46DE8}") = "3 - Persistenza", "3 - Persistenza", "{8419BFA0-8631-4019-BD80-77649DC3A4EC}"
EndProject
Project("{FAE04EC0-301F-11D3-BF4B-00C04F79EFBC}") = "ProgettoPersonaleMultiTier.domain", "..\IlProgettoPersonaleMultiTier.domain\ProgettoPersonaleMultiTier.domain.csproj", "{3BA219A5-9FB1-4A72-9EB5-8FA901AAE622}"
EndProject
Project("{FAE04EC0-301F-11D3-BF4B-00C04F79EFBC}") = "ProgettoPersonaleMultiTier.servizi", "..\ProgettoPersonaleMultiTier.servizi\ProgettoPersonaleMultiTier.servizi.csproj", "{38AB680F-6A12-4DD9-98A3-DA56D3DB1190}"
EndProject
Project("{FAE04EC0-301F-11D3-BF4B-00C04F79EFBC}") = "ProgettoPersonaleMultiTier.servizi.common", "..\ProgettoPersonaleMultiTier.servizi.common\ProgettoPersonaleMultiTier.servizi.common.csproj", "{76BED7A7-ABC9-412B-B432-CEA3A15760C4}"
EndProject
Project("{FAE04EC0-301F-11D3-BF4B-00C04F79EFBC}") = "ProgettoPersonaleMultiTier.repository", "..\ProgettoPersonaleMultiTier.repository\ProgettoPersonaleMultiTier.repository.csproj", "{4BB489BA-8310-49E6-B845-81ECB6EA2ACB}"
EndProject
Global
	GlobalSection(SolutionConfigurationPlatforms) = preSolution
		Debug|Any CPU = Debug|Any CPU
		Release|Any CPU = Release|Any CPU
	EndGlobalSection
	GlobalSection(ProjectConfigurationPlatforms) = postSolution
		{47446587-0917-41E8-BC8A-9CF01622868D}.Debug|Any CPU.ActiveCfg = Debug|Any CPU
		{47446587-0917-41E8-BC8A-9CF01622868D}.Debug|Any CPU.Build.0 = Debug|Any CPU
		{47446587-0917-41E8-BC8A-9CF01622868D}.Release|Any CPU.ActiveCfg = Release|Any CPU
		{47446587-0917-41E8-BC8A-9CF01622868D}.Release|Any CPU.Build.0 = Release|Any CPU
		{3BA219A5-9FB1-4A72-9EB5-8FA901AAE622}.Debug|Any CPU.ActiveCfg = Debug|Any CPU
		{3BA219A5-9FB1-4A72-9EB5-8FA901AAE622}.Debug|Any CPU.Build.0 = Debug|Any CPU
		{3BA219A5-9FB1-4A72-9EB5-8FA901AAE622}.Release|Any CPU.ActiveCfg = Release|Any CPU
		{3BA219A5-9FB1-4A72-9EB5-8FA901AAE622}.Release|Any CPU.Build.0 = Release|Any CPU
		{38AB680F-6A12-4DD9-98A3-DA56D3DB1190}.Debug|Any CPU.ActiveCfg = Debug|Any CPU
		{38AB680F-6A12-4DD9-98A3-DA56D3DB1190}.Debug|Any CPU.Build.0 = Debug|Any CPU
		{38AB680F-6A12-4DD9-98A3-DA56D3DB1190}.Release|Any CPU.ActiveCfg = Release|Any CPU
		{38AB680F-6A12-4DD9-98A3-DA56D3DB1190}.Release|Any CPU.Build.0 = Release|Any CPU
		{76BED7A7-ABC9-412B-B432-CEA3A15760C4}.Debug|Any CPU.ActiveCfg = Debug|Any CPU
		{76BED7A7-ABC9-412B-B432-CEA3A15760C4}.Debug|Any CPU.Build.0 = Debug|Any CPU
		{76BED7A7-ABC9-412B-B432-CEA3A15760C4}.Release|Any CPU.ActiveCfg = Release|Any CPU
		{76BED7A7-ABC9-412B-B432-CEA3A15760C4}.Release|Any CPU.Build.0 = Release|Any CPU
		{4BB489BA-8310-49E6-B845-81ECB6EA2ACB}.Debug|Any CPU.ActiveCfg = Debug|Any CPU
		{4BB489BA-8310-49E6-B845-81ECB6EA2ACB}.Debug|Any CPU.Build.0 = Debug|Any CPU
		{4BB489BA-8310-49E6-B845-81ECB6EA2ACB}.Release|Any CPU.ActiveCfg = Release|Any CPU
		{4BB489BA-8310-49E6-B845-81ECB6EA2ACB}.Release|Any CPU.Build.0 = Release|Any CPU
	EndGlobalSection
	GlobalSection(SolutionProperties) = preSolution
		HideSolutionNode = FALSE
	EndGlobalSection
	GlobalSection(NestedProjects) = preSolution
		{47446587-0917-41E8-BC8A-9CF01622868D} = {750BD97B-7BA0-4F6C-845C-9B7861C10422}
		{3BA219A5-9FB1-4A72-9EB5-8FA901AAE622} = {BFF9C297-10DD-4CAA-ABAB-C969FB6DC12F}
		{38AB680F-6A12-4DD9-98A3-DA56D3DB1190} = {97DF2D37-6BF0-4786-8874-2B960F828212}
		{76BED7A7-ABC9-412B-B432-CEA3A15760C4} = {97DF2D37-6BF0-4786-8874-2B960F828212}
		{4BB489BA-8310-49E6-B845-81ECB6EA2ACB} = {8419BFA0-8631-4019-BD80-77649DC3A4EC}
	EndGlobalSection
	GlobalSection(ExtensibilityGlobals) = postSolution
		SolutionGuid = {602E908A-C918-44A5-AD33-5199CC1D8539}
	EndGlobalSection
EndGlobal
